
Microsoft Visual Studio Solution File, Format Version 12.00
# Visual Studio 14
VisualStudioVersion = 14.0.25123.0
MinimumVisualStudioVersion = 10.0.40219.1
Project("{64DE5DC7-008E-4C41-81D0-8380E4163A11}") = "Sitecore.Support.301406", "Sitecore.Support.301406\Sitecore.Support.301406.csproj", "{14411ED6-FE98-48A1-AC64-01470166B70D}"
EndProject
Global
	GlobalSection(SolutionConfigurationPlatforms) = preSolution
		Debug|Any CPU = Debug|Any CPU
		Release|Any CPU = Release|Any CPU
	EndGlobalSection
	GlobalSection(ProjectConfigurationPlatforms) = postSolution
		{14411ED6-FE98-48A1-AC64-01470166B70D}.Debug|Any CPU.ActiveCfg = Debug|Any CPU
		{14411ED6-FE98-48A1-AC64-01470166B70D}.Debug|Any CPU.Build.0 = Debug|Any CPU
		{14411ED6-FE98-48A1-AC64-01470166B70D}.Release|Any CPU.ActiveCfg = Release|Any CPU
		{14411ED6-FE98-48A1-AC64-01470166B70D}.Release|Any CPU.Build.0 = Release|Any CPU
	EndGlobalSection
	GlobalSection(SolutionProperties) = preSolution
		HideSolutionNode = FALSE
	EndGlobalSection
EndGlobal
